# This file is autogenerated, do not edit; changes may be undone by the next 'dep ensure'.


[[projects]]
  name = "github.com/bradfitz/gomemcache"
  packages = ["memcache"]
  revision = "4faecadd4f695d18a912ba110120fcfd460aca98"

[[projects]]
  name = "github.com/bradleypeabody/gorilla-sessions-memcache"
  packages = ["."]
  revision = "88ee8d4815fec038f22ce295cffa0165820fc2b8"

[[projects]]
  name = "github.com/go-sql-driver/mysql"
  packages = ["."]
  revision = "66312f7fe2678aa0f5ec770f96702f4c4ec5aa8e"

[[projects]]
  name = "github.com/gorilla/context"
  packages = ["."]
  revision = "08b5f424b9271eedf6f9f0ce86cb9396ed337a42"
  version = "v1.1.1"

[[projects]]
  name = "github.com/gorilla/securecookie"
  packages = ["."]
  revision = "e59506cc896acb7f7bf732d4fdf5e25f7ccd8983"
  version = "v1.1.1"

[[projects]]
  name = "github.com/gorilla/sessions"
  packages = ["."]
  revision = "8cd570d8b4ed84b18bca9d8c3ae2db55885ccd8b"

[[projects]]
  name = "github.com/jmoiron/sqlx"
  packages = [
    ".",
    "reflectx"
  ]
  revision = "05b81a7d5d38058e42148dc01f17daf4acba4640"

[[projects]]
  name = "github.com/zenazn/goji"
  packages = [
    ".",
    "bind",
    "graceful",
    "graceful/listener",
    "web",
    "web/middleware",
    "web/mutil"
  ]
  revision = "1925ec6302925f4760d7a11cc17036f44ec98d5b"

[solve-meta]
  analyzer-name = "dep"
  analyzer-version = 1
  inputs-digest = "1a076e1cb73939facf84fc6329e602400e80faa8643167ee6ef305eb4a665c82"
  solver-name = "gps-cdcl"
  solver-version = 1
